
Microsoft Visual Studio Solution File, Format Version 12.00
# Visual Studio Version 17
VisualStudioVersion = 17.3.32922.545
MinimumVisualStudioVersion = 10.0.40219.1
Project("{FAE04EC0-301F-11D3-BF4B-00C04F79EFBC}") = "SocialStock", "SocialStock\SocialStock.csproj", "{D52339F9-1AA5-48EF-A0AE-E4E02AEEE846}"
EndProject
Global
	GlobalSection(SolutionConfigurationPlatforms) = preSolution
		Debug|Any CPU = Debug|Any CPU
		Release|Any CPU = Release|Any CPU
	EndGlobalSection
	GlobalSection(ProjectConfigurationPlatforms) = postSolution
		{D52339F9-1AA5-48EF-A0AE-E4E02AEEE846}.Debug|Any CPU.ActiveCfg = Debug|Any CPU
		{D52339F9-1AA5-48EF-A0AE-E4E02AEEE846}.Debug|Any CPU.Build.0 = Debug|Any CPU
		{D52339F9-1AA5-48EF-A0AE-E4E02AEEE846}.Release|Any CPU.ActiveCfg = Release|Any CPU
		{D52339F9-1AA5-48EF-A0AE-E4E02AEEE846}.Release|Any CPU.Build.0 = Release|Any CPU
	EndGlobalSection
	GlobalSection(SolutionProperties) = preSolution
		HideSolutionNode = FALSE
	EndGlobalSection
	GlobalSection(ExtensibilityGlobals) = postSolution
		SolutionGuid = {615F0E0B-E70F-413B-8F27-0AB8440601BF}
	EndGlobalSection
EndGlobal
